
Microsoft Visual Studio Solution File, Format Version 12.00
# Visual Studio Version 16
VisualStudioVersion = 16.0.31205.134
MinimumVisualStudioVersion = 10.0.40219.1
Project("{FAE04EC0-301F-11D3-BF4B-00C04F79EFBC}") = "Calculator", "Calculator\Calculator.csproj", "{87FF797E-C623-4B95-86C0-BE0B8A936FAE}"
EndProject
Global
	GlobalSection(SolutionConfigurationPlatforms) = preSolution
		Debug|Any CPU = Debug|Any CPU
		Release|Any CPU = Release|Any CPU
	EndGlobalSection
	GlobalSection(ProjectConfigurationPlatforms) = postSolution
		{87FF797E-C623-4B95-86C0-BE0B8A936FAE}.Debug|Any CPU.ActiveCfg = Debug|Any CPU
		{87FF797E-C623-4B95-86C0-BE0B8A936FAE}.Debug|Any CPU.Build.0 = Debug|Any CPU
		{87FF797E-C623-4B95-86C0-BE0B8A936FAE}.Release|Any CPU.ActiveCfg = Release|Any CPU
		{87FF797E-C623-4B95-86C0-BE0B8A936FAE}.Release|Any CPU.Build.0 = Release|Any CPU
	EndGlobalSection
	GlobalSection(SolutionProperties) = preSolution
		HideSolutionNode = FALSE
	EndGlobalSection
	GlobalSection(ExtensibilityGlobals) = postSolution
		SolutionGuid = {DAD53DB7-6407-4880-A9BA-DEF127D22E0B}
	EndGlobalSection
EndGlobal
